// !$*UTF8*$!
{
	archiveVersion = 1;
	classes = {
	};
	objectVersion = 56;
	objects = {

/* Begin PBXBuildFile section */
		392FD6A52B95E9020086765F /* TravelScheduleApp.swift in Sources */ = {isa = PBXBuildFile; fileRef = 392FD6A42B95E9020086765F /* TravelScheduleApp.swift */; };
		392FD6A72B95E9020086765F /* ContentView.swift in Sources */ = {isa = PBXBuildFile; fileRef = 392FD6A62B95E9020086765F /* ContentView.swift */; };
		392FD6A92B95E9040086765F /* Assets.xcassets in Resources */ = {isa = PBXBuildFile; fileRef = 392FD6A82B95E9040086765F /* Assets.xcassets */; };
		392FD6AC2B95E9040086765F /* Preview Assets.xcassets in Resources */ = {isa = PBXBuildFile; fileRef = 392FD6AB2B95E9040086765F /* Preview Assets.xcassets */; };
		5B542EB22B9CE0EA004C0065 /* OpenAPIRuntime in Frameworks */ = {isa = PBXBuildFile; productRef = 5B542EB12B9CE0EA004C0065 /* OpenAPIRuntime */; };
		5B542EB42B9CE0F9004C0065 /* OpenAPIURLSession in Frameworks */ = {isa = PBXBuildFile; productRef = 5B542EB32B9CE0F9004C0065 /* OpenAPIURLSession */; };
		5B542EB82B9CE137004C0065 /* openapi-generator-config.yaml in Resources */ = {isa = PBXBuildFile; fileRef = 5B542EB72B9CE137004C0065 /* openapi-generator-config.yaml */; };
		5B542EBE2B9CE213004C0065 /* NetworkService.swift in Sources */ = {isa = PBXBuildFile; fileRef = 5B542EBD2B9CE213004C0065 /* NetworkService.swift */; };
		5B542ECB2B9CE6AA004C0065 /* ContentViewModel.swift in Sources */ = {isa = PBXBuildFile; fileRef = 5B542ECA2B9CE6AA004C0065 /* ContentViewModel.swift */; };
		5B542F0C2B9E31DF004C0065 /* openapi.yaml in Resources */ = {isa = PBXBuildFile; fileRef = 5B542F0B2B9E31DF004C0065 /* openapi.yaml */; };
/* End PBXBuildFile section */

/* Begin PBXFileReference section */
		392FD6A12B95E9020086765F /* TravelSchedule.app */ = {isa = PBXFileReference; explicitFileType = wrapper.application; includeInIndex = 0; path = TravelSchedule.app; sourceTree = BUILT_PRODUCTS_DIR; };
		392FD6A42B95E9020086765F /* TravelScheduleApp.swift */ = {isa = PBXFileReference; lastKnownFileType = sourcecode.swift; path = TravelScheduleApp.swift; sourceTree = "<group>"; };
		392FD6A62B95E9020086765F /* ContentView.swift */ = {isa = PBXFileReference; lastKnownFileType = sourcecode.swift; path = ContentView.swift; sourceTree = "<group>"; };
		392FD6A82B95E9040086765F /* Assets.xcassets */ = {isa = PBXFileReference; lastKnownFileType = folder.assetcatalog; path = Assets.xcassets; sourceTree = "<group>"; };
		392FD6AB2B95E9040086765F /* Preview Assets.xcassets */ = {isa = PBXFileReference; lastKnownFileType = folder.assetcatalog; path = "Preview Assets.xcassets"; sourceTree = "<group>"; };
		5B542EB72B9CE137004C0065 /* openapi-generator-config.yaml */ = {isa = PBXFileReference; lastKnownFileType = text.yaml; path = "openapi-generator-config.yaml"; sourceTree = "<group>"; };
		5B542EBD2B9CE213004C0065 /* NetworkService.swift */ = {isa = PBXFileReference; lastKnownFileType = sourcecode.swift; path = NetworkService.swift; sourceTree = "<group>"; };
		5B542ECA2B9CE6AA004C0065 /* ContentViewModel.swift */ = {isa = PBXFileReference; lastKnownFileType = sourcecode.swift; path = ContentViewModel.swift; sourceTree = "<group>"; };
		5B542F0B2B9E31DF004C0065 /* openapi.yaml */ = {isa = PBXFileReference; fileEncoding = 4; lastKnownFileType = text.yaml; path = openapi.yaml; sourceTree = "<group>"; };
/* End PBXFileReference section */

/* Begin PBXFrameworksBuildPhase section */
		392FD69E2B95E9020086765F /* Frameworks */ = {
			isa = PBXFrameworksBuildPhase;
			buildActionMask = 2147483647;
			files = (
				5B542EB42B9CE0F9004C0065 /* OpenAPIURLSession in Frameworks */,
				5B542EB22B9CE0EA004C0065 /* OpenAPIRuntime in Frameworks */,
			);
			runOnlyForDeploymentPostprocessing = 0;
		};
/* End PBXFrameworksBuildPhase section */

/* Begin PBXGroup section */
		392FD6982B95E9020086765F = {
			isa = PBXGroup;
			children = (
				392FD6A32B95E9020086765F /* TravelSchedule */,
				392FD6A22B95E9020086765F /* Products */,
				5B542EB02B9CE0EA004C0065 /* Frameworks */,
			);
			sourceTree = "<group>";
		};
		392FD6A22B95E9020086765F /* Products */ = {
			isa = PBXGroup;
			children = (
				392FD6A12B95E9020086765F /* TravelSchedule.app */,
			);
			name = Products;
			sourceTree = "<group>";
		};
		392FD6A32B95E9020086765F /* TravelSchedule */ = {
			isa = PBXGroup;
			children = (
				392FD6A42B95E9020086765F /* TravelScheduleApp.swift */,
				5B542EC62B9CE67B004C0065 /* View */,
				5B542EC72B9CE67F004C0065 /* ViewModel */,
				5B542EBF2B9CE630004C0065 /* NetworkService */,
				5B542EC42B9CE662004C0065 /* Resource */,
				392FD6AA2B95E9040086765F /* Preview Content */,
			);
			path = TravelSchedule;
			sourceTree = "<group>";
		};
		392FD6AA2B95E9040086765F /* Preview Content */ = {
			isa = PBXGroup;
			children = (
				392FD6AB2B95E9040086765F /* Preview Assets.xcassets */,
			);
			path = "Preview Content";
			sourceTree = "<group>";
		};
		5B542EB02B9CE0EA004C0065 /* Frameworks */ = {
			isa = PBXGroup;
			children = (
			);
			name = Frameworks;
			sourceTree = "<group>";
		};
		5B542EBF2B9CE630004C0065 /* NetworkService */ = {
			isa = PBXGroup;
			children = (
				5B542EBD2B9CE213004C0065 /* NetworkService.swift */,
				5B542EC12B9CE63B004C0065 /* OpenAPI */,
			);
			path = NetworkService;
			sourceTree = "<group>";
		};
		5B542EC12B9CE63B004C0065 /* OpenAPI */ = {
			isa = PBXGroup;
			children = (
				5B542EB72B9CE137004C0065 /* openapi-generator-config.yaml */,
				5B542F0B2B9E31DF004C0065 /* openapi.yaml */,
			);
			path = OpenAPI;
			sourceTree = "<group>";
		};
		5B542EC42B9CE662004C0065 /* Resource */ = {
			isa = PBXGroup;
			children = (
				392FD6A82B95E9040086765F /* Assets.xcassets */,
			);
			path = Resource;
			sourceTree = "<group>";
		};
		5B542EC62B9CE67B004C0065 /* View */ = {
			isa = PBXGroup;
			children = (
				392FD6A62B95E9020086765F /* ContentView.swift */,
			);
			path = View;
			sourceTree = "<group>";
		};
		5B542EC72B9CE67F004C0065 /* ViewModel */ = {
			isa = PBXGroup;
			children = (
				5B542ECA2B9CE6AA004C0065 /* ContentViewModel.swift */,
			);
			path = ViewModel;
			sourceTree = "<group>";
		};
/* End PBXGroup section */

/* Begin PBXNativeTarget section */
		392FD6A02B95E9020086765F /* TravelSchedule */ = {
			isa = PBXNativeTarget;
			buildConfigurationList = 392FD6AF2B95E9040086765F /* Build configuration list for PBXNativeTarget "TravelSchedule" */;
			buildPhases = (
				392FD69D2B95E9020086765F /* Sources */,
				392FD69E2B95E9020086765F /* Frameworks */,
				392FD69F2B95E9020086765F /* Resources */,
			);
			buildRules = (
			);
			dependencies = (
				5B542EB62B9CE11A004C0065 /* PBXTargetDependency */,
			);
			name = TravelSchedule;
			packageProductDependencies = (
				5B542EB12B9CE0EA004C0065 /* OpenAPIRuntime */,
				5B542EB32B9CE0F9004C0065 /* OpenAPIURLSession */,
			);
			productName = TravelSchedule;
			productReference = 392FD6A12B95E9020086765F /* TravelSchedule.app */;
			productType = "com.apple.product-type.application";
		};
/* End PBXNativeTarget section */

/* Begin PBXProject section */
		392FD6992B95E9020086765F /* Project object */ = {
			isa = PBXProject;
			attributes = {
				BuildIndependentTargetsInParallel = 1;
				LastSwiftUpdateCheck = 1520;
				LastUpgradeCheck = 1520;
				TargetAttributes = {
					392FD6A02B95E9020086765F = {
						CreatedOnToolsVersion = 15.2;
					};
				};
			};
			buildConfigurationList = 392FD69C2B95E9020086765F /* Build configuration list for PBXProject "TravelSchedule" */;
			compatibilityVersion = "Xcode 14.0";
			developmentRegion = en;
			hasScannedForEncodings = 0;
			knownRegions = (
				en,
				Base,
			);
			mainGroup = 392FD6982B95E9020086765F;
			packageReferences = (
				5B542EA52B9CE06C004C0065 /* XCRemoteSwiftPackageReference "swift-openapi-generator" */,
				5B542EAA2B9CE093004C0065 /* XCRemoteSwiftPackageReference "swift-openapi-runtime" */,
				5B542EAD2B9CE0B2004C0065 /* XCRemoteSwiftPackageReference "swift-openapi-urlsession" */,
			);
			productRefGroup = 392FD6A22B95E9020086765F /* Products */;
			projectDirPath = "";
			projectRoot = "";
			targets = (
				392FD6A02B95E9020086765F /* TravelSchedule */,
			);
		};
/* End PBXProject section */

/* Begin PBXResourcesBuildPhase section */
		392FD69F2B95E9020086765F /* Resources */ = {
			isa = PBXResourcesBuildPhase;
			buildActionMask = 2147483647;
			files = (
				392FD6AC2B95E9040086765F /* Preview Assets.xcassets in Resources */,
				5B542F0C2B9E31DF004C0065 /* openapi.yaml in Resources */,
				392FD6A92B95E9040086765F /* Assets.xcassets in Resources */,
				5B542EB82B9CE137004C0065 /* openapi-generator-config.yaml in Resources */,
			);
			runOnlyForDeploymentPostprocessing = 0;
		};
/* End PBXResourcesBuildPhase section */

/* Begin PBXSourcesBuildPhase section */
		392FD69D2B95E9020086765F /* Sources */ = {
			isa = PBXSourcesBuildPhase;
			buildActionMask = 2147483647;
			files = (
				5B542ECB2B9CE6AA004C0065 /* ContentViewModel.swift in Sources */,
				392FD6A72B95E9020086765F /* ContentView.swift in Sources */,
				5B542EBE2B9CE213004C0065 /* NetworkService.swift in Sources */,
				392FD6A52B95E9020086765F /* TravelScheduleApp.swift in Sources */,
			);
			runOnlyForDeploymentPostprocessing = 0;
		};
/* End PBXSourcesBuildPhase section */

/* Begin PBXTargetDependency section */
		5B542EB62B9CE11A004C0065 /* PBXTargetDependency */ = {
			isa = PBXTargetDependency;
			productRef = 5B542EB52B9CE11A004C0065 /* OpenAPIGenerator */;
		};
/* End PBXTargetDependency section */

/* Begin XCBuildConfiguration section */
		392FD6AD2B95E9040086765F /* Debug */ = {
			isa = XCBuildConfiguration;
			buildSettings = {
				ALWAYS_SEARCH_USER_PATHS = NO;
				ASSETCATALOG_COMPILER_GENERATE_SWIFT_ASSET_SYMBOL_EXTENSIONS = YES;
				CLANG_ANALYZER_NONNULL = YES;
				CLANG_ANALYZER_NUMBER_OBJECT_CONVERSION = YES_AGGRESSIVE;
				CLANG_CXX_LANGUAGE_STANDARD = "gnu++20";
				CLANG_ENABLE_MODULES = YES;
				CLANG_ENABLE_OBJC_ARC = YES;
				CLANG_ENABLE_OBJC_WEAK = YES;
				CLANG_WARN_BLOCK_CAPTURE_AUTORELEASING = YES;
				CLANG_WARN_BOOL_CONVERSION = YES;
				CLANG_WARN_COMMA = YES;
				CLANG_WARN_CONSTANT_CONVERSION = YES;
				CLANG_WARN_DEPRECATED_OBJC_IMPLEMENTATIONS = YES;
				CLANG_WARN_DIRECT_OBJC_ISA_USAGE = YES_ERROR;
				CLANG_WARN_DOCUMENTATION_COMMENTS = YES;
				CLANG_WARN_EMPTY_BODY = YES;
				CLANG_WARN_ENUM_CONVERSION = YES;
				CLANG_WARN_INFINITE_RECURSION = YES;
				CLANG_WARN_INT_CONVERSION = YES;
				CLANG_WARN_NON_LITERAL_NULL_CONVERSION = YES;
				CLANG_WARN_OBJC_IMPLICIT_RETAIN_SELF = YES;
				CLANG_WARN_OBJC_LITERAL_CONVERSION = YES;
				CLANG_WARN_OBJC_ROOT_CLASS = YES_ERROR;
				CLANG_WARN_QUOTED_INCLUDE_IN_FRAMEWORK_HEADER = YES;
				CLANG_WARN_RANGE_LOOP_ANALYSIS = YES;
				CLANG_WARN_STRICT_PROTOTYPES = YES;
				CLANG_WARN_SUSPICIOUS_MOVE = YES;
				CLANG_WARN_UNGUARDED_AVAILABILITY = YES_AGGRESSIVE;
				CLANG_WARN_UNREACHABLE_CODE = YES;
				CLANG_WARN__DUPLICATE_METHOD_MATCH = YES;
				COPY_PHASE_STRIP = NO;
				DEBUG_INFORMATION_FORMAT = dwarf;
				ENABLE_STRICT_OBJC_MSGSEND = YES;
				ENABLE_TESTABILITY = YES;
				ENABLE_USER_SCRIPT_SANDBOXING = YES;
				GCC_C_LANGUAGE_STANDARD = gnu17;
				GCC_DYNAMIC_NO_PIC = NO;
				GCC_NO_COMMON_BLOCKS = YES;
				GCC_OPTIMIZATION_LEVEL = 0;
				GCC_PREPROCESSOR_DEFINITIONS = (
					"DEBUG=1",
					"$(inherited)",
				);
				GCC_WARN_64_TO_32_BIT_CONVERSION = YES;
				GCC_WARN_ABOUT_RETURN_TYPE = YES_ERROR;
				GCC_WARN_UNDECLARED_SELECTOR = YES;
				GCC_WARN_UNINITIALIZED_AUTOS = YES_AGGRESSIVE;
				GCC_WARN_UNUSED_FUNCTION = YES;
				GCC_WARN_UNUSED_VARIABLE = YES;
				IPHONEOS_DEPLOYMENT_TARGET = 17.2;
				LOCALIZATION_PREFERS_STRING_CATALOGS = YES;
				MTL_ENABLE_DEBUG_INFO = INCLUDE_SOURCE;
				MTL_FAST_MATH = YES;
				ONLY_ACTIVE_ARCH = YES;
				SDKROOT = iphoneos;
				SWIFT_ACTIVE_COMPILATION_CONDITIONS = "DEBUG $(inherited)";
				SWIFT_OPTIMIZATION_LEVEL = "-Onone";
			};
			name = Debug;
		};
		392FD6AE2B95E9040086765F /* Release */ = {
			isa = XCBuildConfiguration;
			buildSettings = {
				ALWAYS_SEARCH_USER_PATHS = NO;
				ASSETCATALOG_COMPILER_GENERATE_SWIFT_ASSET_SYMBOL_EXTENSIONS = YES;
				CLANG_ANALYZER_NONNULL = YES;
				CLANG_ANALYZER_NUMBER_OBJECT_CONVERSION = YES_AGGRESSIVE;
				CLANG_CXX_LANGUAGE_STANDARD = "gnu++20";
				CLANG_ENABLE_MODULES = YES;
				CLANG_ENABLE_OBJC_ARC = YES;
				CLANG_ENABLE_OBJC_WEAK = YES;
				CLANG_WARN_BLOCK_CAPTURE_AUTORELEASING = YES;
				CLANG_WARN_BOOL_CONVERSION = YES;
				CLANG_WARN_COMMA = YES;
				CLANG_WARN_CONSTANT_CONVERSION = YES;
				CLANG_WARN_DEPRECATED_OBJC_IMPLEMENTATIONS = YES;
				CLANG_WARN_DIRECT_OBJC_ISA_USAGE = YES_ERROR;
				CLANG_WARN_DOCUMENTATION_COMMENTS = YES;
				CLANG_WARN_EMPTY_BODY = YES;
				CLANG_WARN_ENUM_CONVERSION = YES;
				CLANG_WARN_INFINITE_RECURSION = YES;
				CLANG_WARN_INT_CONVERSION = YES;
				CLANG_WARN_NON_LITERAL_NULL_CONVERSION = YES;
				CLANG_WARN_OBJC_IMPLICIT_RETAIN_SELF = YES;
				CLANG_WARN_OBJC_LITERAL_CONVERSION = YES;
				CLANG_WARN_OBJC_ROOT_CLASS = YES_ERROR;
				CLANG_WARN_QUOTED_INCLUDE_IN_FRAMEWORK_HEADER = YES;
				CLANG_WARN_RANGE_LOOP_ANALYSIS = YES;
				CLANG_WARN_STRICT_PROTOTYPES = YES;
				CLANG_WARN_SUSPICIOUS_MOVE = YES;
				CLANG_WARN_UNGUARDED_AVAILABILITY = YES_AGGRESSIVE;
				CLANG_WARN_UNREACHABLE_CODE = YES;
				CLANG_WARN__DUPLICATE_METHOD_MATCH = YES;
				COPY_PHASE_STRIP = NO;
				DEBUG_INFORMATION_FORMAT = "dwarf-with-dsym";
				ENABLE_NS_ASSERTIONS = NO;
				ENABLE_STRICT_OBJC_MSGSEND = YES;
				ENABLE_USER_SCRIPT_SANDBOXING = YES;
				GCC_C_LANGUAGE_STANDARD = gnu17;
				GCC_NO_COMMON_BLOCKS = YES;
				GCC_WARN_64_TO_32_BIT_CONVERSION = YES;
				GCC_WARN_ABOUT_RETURN_TYPE = YES_ERROR;
				GCC_WARN_UNDECLARED_SELECTOR = YES;
				GCC_WARN_UNINITIALIZED_AUTOS = YES_AGGRESSIVE;
				GCC_WARN_UNUSED_FUNCTION = YES;
				GCC_WARN_UNUSED_VARIABLE = YES;
				IPHONEOS_DEPLOYMENT_TARGET = 17.2;
				LOCALIZATION_PREFERS_STRING_CATALOGS = YES;
				MTL_ENABLE_DEBUG_INFO = NO;
				MTL_FAST_MATH = YES;
				SDKROOT = iphoneos;
				SWIFT_COMPILATION_MODE = wholemodule;
				VALIDATE_PRODUCT = YES;
			};
			name = Release;
		};
		392FD6B02B95E9040086765F /* Debug */ = {
			isa = XCBuildConfiguration;
			buildSettings = {
				ASSETCATALOG_COMPILER_APPICON_NAME = AppIcon;
				ASSETCATALOG_COMPILER_GLOBAL_ACCENT_COLOR_NAME = AccentColor;
				CODE_SIGN_STYLE = Automatic;
				CURRENT_PROJECT_VERSION = 1;
				DEVELOPMENT_ASSET_PATHS = "\"TravelSchedule/Preview Content\"";
				DEVELOPMENT_TEAM = KL9Y7R8H95;
				ENABLE_PREVIEWS = YES;
				GENERATE_INFOPLIST_FILE = YES;
				INFOPLIST_KEY_UIApplicationSceneManifest_Generation = YES;
				INFOPLIST_KEY_UIApplicationSupportsIndirectInputEvents = YES;
				INFOPLIST_KEY_UILaunchScreen_Generation = YES;
				INFOPLIST_KEY_UISupportedInterfaceOrientations = UIInterfaceOrientationPortrait;
				INFOPLIST_KEY_UISupportedInterfaceOrientations_iPad = "UIInterfaceOrientationLandscapeLeft UIInterfaceOrientationLandscapeRight UIInterfaceOrientationPortrait UIInterfaceOrientationPortraitUpsideDown";
				IPHONEOS_DEPLOYMENT_TARGET = 15.0;
				LD_RUNPATH_SEARCH_PATHS = (
					"$(inherited)",
					"@executable_path/Frameworks",
				);
				MARKETING_VERSION = 1.0;
				PRODUCT_BUNDLE_IDENTIFIER = TravelSchedule.TravelSchedule;
				PRODUCT_NAME = "$(TARGET_NAME)";
				SUPPORTED_PLATFORMS = "iphoneos iphonesimulator";
				SUPPORTS_MACCATALYST = NO;
				SUPPORTS_MAC_DESIGNED_FOR_IPHONE_IPAD = NO;
				SUPPORTS_XR_DESIGNED_FOR_IPHONE_IPAD = NO;
				SWIFT_EMIT_LOC_STRINGS = YES;
				SWIFT_VERSION = 5.0;
				TARGETED_DEVICE_FAMILY = 1;
			};
			name = Debug;
		};
		392FD6B12B95E9040086765F /* Release */ = {
			isa = XCBuildConfiguration;
			buildSettings = {
				ASSETCATALOG_COMPILER_APPICON_NAME = AppIcon;
				ASSETCATALOG_COMPILER_GLOBAL_ACCENT_COLOR_NAME = AccentColor;
				CODE_SIGN_STYLE = Automatic;
				CURRENT_PROJECT_VERSION = 1;
				DEVELOPMENT_ASSET_PATHS = "\"TravelSchedule/Preview Content\"";
				DEVELOPMENT_TEAM = KL9Y7R8H95;
				ENABLE_PREVIEWS = YES;
				GENERATE_INFOPLIST_FILE = YES;
				INFOPLIST_KEY_UIApplicationSceneManifest_Generation = YES;
				INFOPLIST_KEY_UIApplicationSupportsIndirectInputEvents = YES;
				INFOPLIST_KEY_UILaunchScreen_Generation = YES;
				INFOPLIST_KEY_UISupportedInterfaceOrientations = UIInterfaceOrientationPortrait;
				INFOPLIST_KEY_UISupportedInterfaceOrientations_iPad = "UIInterfaceOrientationLandscapeLeft UIInterfaceOrientationLandscapeRight UIInterfaceOrientationPortrait UIInterfaceOrientationPortraitUpsideDown";
				IPHONEOS_DEPLOYMENT_TARGET = 15.0;
				LD_RUNPATH_SEARCH_PATHS = (
					"$(inherited)",
					"@executable_path/Frameworks",
				);
				MARKETING_VERSION = 1.0;
				PRODUCT_BUNDLE_IDENTIFIER = TravelSchedule.TravelSchedule;
				PRODUCT_NAME = "$(TARGET_NAME)";
				SUPPORTED_PLATFORMS = "iphoneos iphonesimulator";
				SUPPORTS_MACCATALYST = NO;
				SUPPORTS_MAC_DESIGNED_FOR_IPHONE_IPAD = NO;
				SUPPORTS_XR_DESIGNED_FOR_IPHONE_IPAD = NO;
				SWIFT_EMIT_LOC_STRINGS = YES;
				SWIFT_VERSION = 5.0;
				TARGETED_DEVICE_FAMILY = 1;
			};
			name = Release;
		};
/* End XCBuildConfiguration section */

/* Begin XCConfigurationList section */
		392FD69C2B95E9020086765F /* Build configuration list for PBXProject "TravelSchedule" */ = {
			isa = XCConfigurationList;
			buildConfigurations = (
				392FD6AD2B95E9040086765F /* Debug */,
				392FD6AE2B95E9040086765F /* Release */,
			);
			defaultConfigurationIsVisible = 0;
			defaultConfigurationName = Release;
		};
		392FD6AF2B95E9040086765F /* Build configuration list for PBXNativeTarget "TravelSchedule" */ = {
			isa = XCConfigurationList;
			buildConfigurations = (
				392FD6B02B95E9040086765F /* Debug */,
				392FD6B12B95E9040086765F /* Release */,
			);
			defaultConfigurationIsVisible = 0;
			defaultConfigurationName = Release;
		};
/* End XCConfigurationList section */

/* Begin XCRemoteSwiftPackageReference section */
		5B542EA52B9CE06C004C0065 /* XCRemoteSwiftPackageReference "swift-openapi-generator" */ = {
			isa = XCRemoteSwiftPackageReference;
			repositoryURL = "https://github.com/apple/swift-openapi-generator";
			requirement = {
				kind = upToNextMajorVersion;
				minimumVersion = 1.2.1;
			};
		};
		5B542EAA2B9CE093004C0065 /* XCRemoteSwiftPackageReference "swift-openapi-runtime" */ = {
			isa = XCRemoteSwiftPackageReference;
			repositoryURL = "https://github.com/apple/swift-openapi-runtime";
			requirement = {
				kind = upToNextMajorVersion;
				minimumVersion = 1.3.2;
			};
		};
		5B542EAD2B9CE0B2004C0065 /* XCRemoteSwiftPackageReference "swift-openapi-urlsession" */ = {
			isa = XCRemoteSwiftPackageReference;
			repositoryURL = "https://github.com/apple/swift-openapi-urlsession";
			requirement = {
				kind = upToNextMajorVersion;
				minimumVersion = 1.0.1;
			};
		};
/* End XCRemoteSwiftPackageReference section */

/* Begin XCSwiftPackageProductDependency section */
		5B542EB12B9CE0EA004C0065 /* OpenAPIRuntime */ = {
			isa = XCSwiftPackageProductDependency;
			package = 5B542EAA2B9CE093004C0065 /* XCRemoteSwiftPackageReference "swift-openapi-runtime" */;
			productName = OpenAPIRuntime;
		};
		5B542EB32B9CE0F9004C0065 /* OpenAPIURLSession */ = {
			isa = XCSwiftPackageProductDependency;
			package = 5B542EAD2B9CE0B2004C0065 /* XCRemoteSwiftPackageReference "swift-openapi-urlsession" */;
			productName = OpenAPIURLSession;
		};
		5B542EB52B9CE11A004C0065 /* OpenAPIGenerator */ = {
			isa = XCSwiftPackageProductDependency;
			package = 5B542EA52B9CE06C004C0065 /* XCRemoteSwiftPackageReference "swift-openapi-generator" */;
			productName = "plugin:OpenAPIGenerator";
		};
/* End XCSwiftPackageProductDependency section */
	};
	rootObject = 392FD6992B95E9020086765F /* Project object */;
}
